
Microsoft Visual Studio Solution File, Format Version 12.00
# Visual Studio Version 17
VisualStudioVersion = 17.10.35013.160
MinimumVisualStudioVersion = 10.0.40219.1
Project("{9A19103F-16F7-4668-BE54-9A1E7A4F7556}") = "blueprint", "blueprint\blueprint.csproj", "{4F5A84F7-6736-46DE-88C2-786D2FA33334}"
EndProject
Global
	GlobalSection(SolutionConfigurationPlatforms) = preSolution
		Debug|Any CPU = Debug|Any CPU
		Release|Any CPU = Release|Any CPU
	EndGlobalSection
	GlobalSection(ProjectConfigurationPlatforms) = postSolution
		{4F5A84F7-6736-46DE-88C2-786D2FA33334}.Debug|Any CPU.ActiveCfg = Debug|Any CPU
		{4F5A84F7-6736-46DE-88C2-786D2FA33334}.Debug|Any CPU.Build.0 = Debug|Any CPU
		{4F5A84F7-6736-46DE-88C2-786D2FA33334}.Release|Any CPU.ActiveCfg = Release|Any CPU
		{4F5A84F7-6736-46DE-88C2-786D2FA33334}.Release|Any CPU.Build.0 = Release|Any CPU
	EndGlobalSection
	GlobalSection(SolutionProperties) = preSolution
		HideSolutionNode = FALSE
	EndGlobalSection
	GlobalSection(ExtensibilityGlobals) = postSolution
		SolutionGuid = {0799DA8C-FC30-4B33-9223-B47D1540CAAA}
	EndGlobalSection
EndGlobal
